// !$*UTF8*$!
{
	archiveVersion = 1;
	classes = {
	};
	objectVersion = 56;
	objects = {

/* Begin PBXBuildFile section */
		330F2E7C29DB0D50001FFE00 /* AppDelegate.swift in Sources */ = {isa = PBXBuildFile; fileRef = 330F2E7B29DB0D50001FFE00 /* AppDelegate.swift */; };
		330F2E7E29DB0D50001FFE00 /* SceneDelegate.swift in Sources */ = {isa = PBXBuildFile; fileRef = 330F2E7D29DB0D50001FFE00 /* SceneDelegate.swift */; };
		330F2E8029DB0D50001FFE00 /* ViewController.swift in Sources */ = {isa = PBXBuildFile; fileRef = 330F2E7F29DB0D50001FFE00 /* ViewController.swift */; };
		330F2E8329DB0D50001FFE00 /* Main.storyboard in Resources */ = {isa = PBXBuildFile; fileRef = 330F2E8129DB0D50001FFE00 /* Main.storyboard */; };
		330F2E8529DB0D51001FFE00 /* Assets.xcassets in Resources */ = {isa = PBXBuildFile; fileRef = 330F2E8429DB0D51001FFE00 /* Assets.xcassets */; };
		330F2E8829DB0D51001FFE00 /* LaunchScreen.storyboard in Resources */ = {isa = PBXBuildFile; fileRef = 330F2E8629DB0D51001FFE00 /* LaunchScreen.storyboard */; };
		330F2E9229DB45AE001FFE00 /* FinalViewController.swift in Sources */ = {isa = PBXBuildFile; fileRef = 330F2E9129DB45AE001FFE00 /* FinalViewController.swift */; };
/* End PBXBuildFile section */

/* Begin PBXFileReference section */
		330F2E7829DB0D50001FFE00 /* AccountDetails.app */ = {isa = PBXFileReference; explicitFileType = wrapper.application; includeInIndex = 0; path = AccountDetails.app; sourceTree = BUILT_PRODUCTS_DIR; };
		330F2E7B29DB0D50001FFE00 /* AppDelegate.swift */ = {isa = PBXFileReference; lastKnownFileType = sourcecode.swift; path = AppDelegate.swift; sourceTree = "<group>"; };
		330F2E7D29DB0D50001FFE00 /* SceneDelegate.swift */ = {isa = PBXFileReference; lastKnownFileType = sourcecode.swift; path = SceneDelegate.swift; sourceTree = "<group>"; };
		330F2E7F29DB0D50001FFE00 /* ViewController.swift */ = {isa = PBXFileReference; lastKnownFileType = sourcecode.swift; path = ViewController.swift; sourceTree = "<group>"; };
		330F2E8229DB0D50001FFE00 /* Base */ = {isa = PBXFileReference; lastKnownFileType = file.storyboard; name = Base; path = Base.lproj/Main.storyboard; sourceTree = "<group>"; };
		330F2E8429DB0D51001FFE00 /* Assets.xcassets */ = {isa = PBXFileReference; lastKnownFileType = folder.assetcatalog; path = Assets.xcassets; sourceTree = "<group>"; };
		330F2E8729DB0D51001FFE00 /* Base */ = {isa = PBXFileReference; lastKnownFileType = file.storyboard; name = Base; path = Base.lproj/LaunchScreen.storyboard; sourceTree = "<group>"; };
		330F2E8929DB0D51001FFE00 /* Info.plist */ = {isa = PBXFileReference; lastKnownFileType = text.plist.xml; path = Info.plist; sourceTree = "<group>"; };
		330F2E9129DB45AE001FFE00 /* FinalViewController.swift */ = {isa = PBXFileReference; lastKnownFileType = sourcecode.swift; path = FinalViewController.swift; sourceTree = "<group>"; };
/* End PBXFileReference section */

/* Begin PBXFrameworksBuildPhase section */
		330F2E7529DB0D50001FFE00 /* Frameworks */ = {
			isa = PBXFrameworksBuildPhase;
			buildActionMask = 2147483647;
			files = (
			);
			runOnlyForDeploymentPostprocessing = 0;
		};
/* End PBXFrameworksBuildPhase section */

/* Begin PBXGroup section */
		330F2E6F29DB0D50001FFE00 = {
			isa = PBXGroup;
			children = (
				330F2E7A29DB0D50001FFE00 /* AccountDetails */,
				330F2E7929DB0D50001FFE00 /* Products */,
			);
			sourceTree = "<group>";
		};
		330F2E7929DB0D50001FFE00 /* Products */ = {
			isa = PBXGroup;
			children = (
				330F2E7829DB0D50001FFE00 /* AccountDetails.app */,
			);
			name = Products;
			sourceTree = "<group>";
		};
		330F2E7A29DB0D50001FFE00 /* AccountDetails */ = {
			isa = PBXGroup;
			children = (
				330F2E7B29DB0D50001FFE00 /* AppDelegate.swift */,
				330F2E7D29DB0D50001FFE00 /* SceneDelegate.swift */,
				33A4102B29DC00E300C4C09C /* Contoller */,
				33A4102A29DC00CC00C4C09C /* View */,
				330F2E8429DB0D51001FFE00 /* Assets.xcassets */,
				330F2E8629DB0D51001FFE00 /* LaunchScreen.storyboard */,
				330F2E8929DB0D51001FFE00 /* Info.plist */,
			);
			path = AccountDetails;
			sourceTree = "<group>";
		};
		33A4102A29DC00CC00C4C09C /* View */ = {
			isa = PBXGroup;
			children = (
				330F2E8129DB0D50001FFE00 /* Main.storyboard */,
			);
			path = View;
			sourceTree = "<group>";
		};
		33A4102B29DC00E300C4C09C /* Contoller */ = {
			isa = PBXGroup;
			children = (
				330F2E7F29DB0D50001FFE00 /* ViewController.swift */,
				330F2E9129DB45AE001FFE00 /* FinalViewController.swift */,
			);
			path = Contoller;
			sourceTree = "<group>";
		};
/* End PBXGroup section */

/* Begin PBXNativeTarget section */
		330F2E7729DB0D50001FFE00 /* AccountDetails */ = {
			isa = PBXNativeTarget;
			buildConfigurationList = 330F2E8C29DB0D51001FFE00 /* Build configuration list for PBXNativeTarget "AccountDetails" */;
			buildPhases = (
				330F2E7429DB0D50001FFE00 /* Sources */,
				330F2E7529DB0D50001FFE00 /* Frameworks */,
				330F2E7629DB0D50001FFE00 /* Resources */,
			);
			buildRules = (
			);
			dependencies = (
			);
			name = AccountDetails;
			productName = AccountDetails;
			productReference = 330F2E7829DB0D50001FFE00 /* AccountDetails.app */;
			productType = "com.apple.product-type.application";
		};
/* End PBXNativeTarget section */

/* Begin PBXProject section */
		330F2E7029DB0D50001FFE00 /* Project object */ = {
			isa = PBXProject;
			attributes = {
				BuildIndependentTargetsInParallel = 1;
				LastSwiftUpdateCheck = 1420;
				LastUpgradeCheck = 1420;
				TargetAttributes = {
					330F2E7729DB0D50001FFE00 = {
						CreatedOnToolsVersion = 14.2;
					};
				};
			};
			buildConfigurationList = 330F2E7329DB0D50001FFE00 /* Build configuration list for PBXProject "AccountDetails" */;
			compatibilityVersion = "Xcode 14.0";
			developmentRegion = en;
			hasScannedForEncodings = 0;
			knownRegions = (
				en,
				Base,
			);
			mainGroup = 330F2E6F29DB0D50001FFE00;
			productRefGroup = 330F2E7929DB0D50001FFE00 /* Products */;
			projectDirPath = "";
			projectRoot = "";
			targets = (
				330F2E7729DB0D50001FFE00 /* AccountDetails */,
			);
		};
/* End PBXProject section */

/* Begin PBXResourcesBuildPhase section */
		330F2E7629DB0D50001FFE00 /* Resources */ = {
			isa = PBXResourcesBuildPhase;
			buildActionMask = 2147483647;
			files = (
				330F2E8829DB0D51001FFE00 /* LaunchScreen.storyboard in Resources */,
				330F2E8529DB0D51001FFE00 /* Assets.xcassets in Resources */,
				330F2E8329DB0D50001FFE00 /* Main.storyboard in Resources */,
			);
			runOnlyForDeploymentPostprocessing = 0;
		};
/* End PBXResourcesBuildPhase section */

/* Begin PBXSourcesBuildPhase section */
		330F2E7429DB0D50001FFE00 /* Sources */ = {
			isa = PBXSourcesBuildPhase;
			buildActionMask = 2147483647;
			files = (
				330F2E8029DB0D50001FFE00 /* ViewController.swift in Sources */,
				330F2E9229DB45AE001FFE00 /* FinalViewController.swift in Sources */,
				330F2E7C29DB0D50001FFE00 /* AppDelegate.swift in Sources */,
				330F2E7E29DB0D50001FFE00 /* SceneDelegate.swift in Sources */,
			);
			runOnlyForDeploymentPostprocessing = 0;
		};
/* End PBXSourcesBuildPhase section */

/* Begin PBXVariantGroup section */
		330F2E8129DB0D50001FFE00 /* Main.storyboard */ = {
			isa = PBXVariantGroup;
			children = (
				330F2E8229DB0D50001FFE00 /* Base */,
			);
			name = Main.storyboard;
			sourceTree = "<group>";
		};
		330F2E8629DB0D51001FFE00 /* LaunchScreen.storyboard */ = {
			isa = PBXVariantGroup;
			children = (
				330F2E8729DB0D51001FFE00 /* Base */,
			);
			name = LaunchScreen.storyboard;
			sourceTree = "<group>";
		};
/* End PBXVariantGroup section */

/* Begin XCBuildConfiguration section */
		330F2E8A29DB0D51001FFE00 /* Debug */ = {
			isa = XCBuildConfiguration;
			buildSettings = {
				ALWAYS_SEARCH_USER_PATHS = NO;
				CLANG_ANALYZER_NONNULL = YES;
				CLANG_ANALYZER_NUMBER_OBJECT_CONVERSION = YES_AGGRESSIVE;
				CLANG_CXX_LANGUAGE_STANDARD = "gnu++20";
				CLANG_ENABLE_MODULES = YES;
				CLANG_ENABLE_OBJC_ARC = YES;
				CLANG_ENABLE_OBJC_WEAK = YES;
				CLANG_WARN_BLOCK_CAPTURE_AUTORELEASING = YES;
				CLANG_WARN_BOOL_CONVERSION = YES;
				CLANG_WARN_COMMA = YES;
				CLANG_WARN_CONSTANT_CONVERSION = YES;
				CLANG_WARN_DEPRECATED_OBJC_IMPLEMENTATIONS = YES;
				CLANG_WARN_DIRECT_OBJC_ISA_USAGE = YES_ERROR;
				CLANG_WARN_DOCUMENTATION_COMMENTS = YES;
				CLANG_WARN_EMPTY_BODY = YES;
				CLANG_WARN_ENUM_CONVERSION = YES;
				CLANG_WARN_INFINITE_RECURSION = YES;
				CLANG_WARN_INT_CONVERSION = YES;
				CLANG_WARN_NON_LITERAL_NULL_CONVERSION = YES;
				CLANG_WARN_OBJC_IMPLICIT_RETAIN_SELF = YES;
				CLANG_WARN_OBJC_LITERAL_CONVERSION = YES;
				CLANG_WARN_OBJC_ROOT_CLASS = YES_ERROR;
				CLANG_WARN_QUOTED_INCLUDE_IN_FRAMEWORK_HEADER = YES;
				CLANG_WARN_RANGE_LOOP_ANALYSIS = YES;
				CLANG_WARN_STRICT_PROTOTYPES = YES;
				CLANG_WARN_SUSPICIOUS_MOVE = YES;
				CLANG_WARN_UNGUARDED_AVAILABILITY = YES_AGGRESSIVE;
				CLANG_WARN_UNREACHABLE_CODE = YES;
				CLANG_WARN__DUPLICATE_METHOD_MATCH = YES;
				COPY_PHASE_STRIP = NO;
				DEBUG_INFORMATION_FORMAT = dwarf;
				ENABLE_STRICT_OBJC_MSGSEND = YES;
				ENABLE_TESTABILITY = YES;
				GCC_C_LANGUAGE_STANDARD = gnu11;
				GCC_DYNAMIC_NO_PIC = NO;
				GCC_NO_COMMON_BLOCKS = YES;
				GCC_OPTIMIZATION_LEVEL = 0;
				GCC_PREPROCESSOR_DEFINITIONS = (
					"DEBUG=1",
					"$(inherited)",
				);
				GCC_WARN_64_TO_32_BIT_CONVERSION = YES;
				GCC_WARN_ABOUT_RETURN_TYPE = YES_ERROR;
				GCC_WARN_UNDECLARED_SELECTOR = YES;
				GCC_WARN_UNINITIALIZED_AUTOS = YES_AGGRESSIVE;
				GCC_WARN_UNUSED_FUNCTION = YES;
				GCC_WARN_UNUSED_VARIABLE = YES;
				IPHONEOS_DEPLOYMENT_TARGET = 16.2;
				MTL_ENABLE_DEBUG_INFO = INCLUDE_SOURCE;
				MTL_FAST_MATH = YES;
				ONLY_ACTIVE_ARCH = YES;
				SDKROOT = iphoneos;
				SWIFT_ACTIVE_COMPILATION_CONDITIONS = DEBUG;
				SWIFT_OPTIMIZATION_LEVEL = "-Onone";
			};
			name = Debug;
		};
		330F2E8B29DB0D51001FFE00 /* Release */ = {
			isa = XCBuildConfiguration;
			buildSettings = {
				ALWAYS_SEARCH_USER_PATHS = NO;
				CLANG_ANALYZER_NONNULL = YES;
				CLANG_ANALYZER_NUMBER_OBJECT_CONVERSION = YES_AGGRESSIVE;
				CLANG_CXX_LANGUAGE_STANDARD = "gnu++20";
				CLANG_ENABLE_MODULES = YES;
				CLANG_ENABLE_OBJC_ARC = YES;
				CLANG_ENABLE_OBJC_WEAK = YES;
				CLANG_WARN_BLOCK_CAPTURE_AUTORELEASING = YES;
				CLANG_WARN_BOOL_CONVERSION = YES;
				CLANG_WARN_COMMA = YES;
				CLANG_WARN_CONSTANT_CONVERSION = YES;
				CLANG_WARN_DEPRECATED_OBJC_IMPLEMENTATIONS = YES;
				CLANG_WARN_DIRECT_OBJC_ISA_USAGE = YES_ERROR;
				CLANG_WARN_DOCUMENTATION_COMMENTS = YES;
				CLANG_WARN_EMPTY_BODY = YES;
				CLANG_WARN_ENUM_CONVERSION = YES;
				CLANG_WARN_INFINITE_RECURSION = YES;
				CLANG_WARN_INT_CONVERSION = YES;
				CLANG_WARN_NON_LITERAL_NULL_CONVERSION = YES;
				CLANG_WARN_OBJC_IMPLICIT_RETAIN_SELF = YES;
				CLANG_WARN_OBJC_LITERAL_CONVERSION = YES;
				CLANG_WARN_OBJC_ROOT_CLASS = YES_ERROR;
				CLANG_WARN_QUOTED_INCLUDE_IN_FRAMEWORK_HEADER = YES;
				CLANG_WARN_RANGE_LOOP_ANALYSIS = YES;
				CLANG_WARN_STRICT_PROTOTYPES = YES;
				CLANG_WARN_SUSPICIOUS_MOVE = YES;
				CLANG_WARN_UNGUARDED_AVAILABILITY = YES_AGGRESSIVE;
				CLANG_WARN_UNREACHABLE_CODE = YES;
				CLANG_WARN__DUPLICATE_METHOD_MATCH = YES;
				COPY_PHASE_STRIP = NO;
				DEBUG_INFORMATION_FORMAT = "dwarf-with-dsym";
				ENABLE_NS_ASSERTIONS = NO;
				ENABLE_STRICT_OBJC_MSGSEND = YES;
				GCC_C_LANGUAGE_STANDARD = gnu11;
				GCC_NO_COMMON_BLOCKS = YES;
				GCC_WARN_64_TO_32_BIT_CONVERSION = YES;
				GCC_WARN_ABOUT_RETURN_TYPE = YES_ERROR;
				GCC_WARN_UNDECLARED_SELECTOR = YES;
				GCC_WARN_UNINITIALIZED_AUTOS = YES_AGGRESSIVE;
				GCC_WARN_UNUSED_FUNCTION = YES;
				GCC_WARN_UNUSED_VARIABLE = YES;
				IPHONEOS_DEPLOYMENT_TARGET = 16.2;
				MTL_ENABLE_DEBUG_INFO = NO;
				MTL_FAST_MATH = YES;
				SDKROOT = iphoneos;
				SWIFT_COMPILATION_MODE = wholemodule;
				SWIFT_OPTIMIZATION_LEVEL = "-O";
				VALIDATE_PRODUCT = YES;
			};
			name = Release;
		};
		330F2E8D29DB0D51001FFE00 /* Debug */ = {
			isa = XCBuildConfiguration;
			buildSettings = {
				ASSETCATALOG_COMPILER_APPICON_NAME = AppIcon;
				ASSETCATALOG_COMPILER_GLOBAL_ACCENT_COLOR_NAME = AccentColor;
				CODE_SIGN_STYLE = Automatic;
				CURRENT_PROJECT_VERSION = 1;
				GENERATE_INFOPLIST_FILE = YES;
				INFOPLIST_FILE = AccountDetails/Info.plist;
				INFOPLIST_KEY_UIApplicationSupportsIndirectInputEvents = YES;
				INFOPLIST_KEY_UILaunchStoryboardName = LaunchScreen;
				INFOPLIST_KEY_UIMainStoryboardFile = Main;
				INFOPLIST_KEY_UISupportedInterfaceOrientations_iPad = "UIInterfaceOrientationPortrait UIInterfaceOrientationPortraitUpsideDown UIInterfaceOrientationLandscapeLeft UIInterfaceOrientationLandscapeRight";
				INFOPLIST_KEY_UISupportedInterfaceOrientations_iPhone = "UIInterfaceOrientationPortrait UIInterfaceOrientationLandscapeLeft UIInterfaceOrientationLandscapeRight";
				LD_RUNPATH_SEARCH_PATHS = (
					"$(inherited)",
					"@executable_path/Frameworks",
				);
				MARKETING_VERSION = 1.0;
				PRODUCT_BUNDLE_IDENTIFIER = com.blaze.AccountDetails;
				PRODUCT_NAME = "$(TARGET_NAME)";
				SWIFT_EMIT_LOC_STRINGS = YES;
				SWIFT_VERSION = 5.0;
				TARGETED_DEVICE_FAMILY = "1,2";
			};
			name = Debug;
		};
		330F2E8E29DB0D51001FFE00 /* Release */ = {
			isa = XCBuildConfiguration;
			buildSettings = {
				ASSETCATALOG_COMPILER_APPICON_NAME = AppIcon;
				ASSETCATALOG_COMPILER_GLOBAL_ACCENT_COLOR_NAME = AccentColor;
				CODE_SIGN_STYLE = Automatic;
				CURRENT_PROJECT_VERSION = 1;
				GENERATE_INFOPLIST_FILE = YES;
				INFOPLIST_FILE = AccountDetails/Info.plist;
				INFOPLIST_KEY_UIApplicationSupportsIndirectInputEvents = YES;
				INFOPLIST_KEY_UILaunchStoryboardName = LaunchScreen;
				INFOPLIST_KEY_UIMainStoryboardFile = Main;
				INFOPLIST_KEY_UISupportedInterfaceOrientations_iPad = "UIInterfaceOrientationPortrait UIInterfaceOrientationPortraitUpsideDown UIInterfaceOrientationLandscapeLeft UIInterfaceOrientationLandscapeRight";
				INFOPLIST_KEY_UISupportedInterfaceOrientations_iPhone = "UIInterfaceOrientationPortrait UIInterfaceOrientationLandscapeLeft UIInterfaceOrientationLandscapeRight";
				LD_RUNPATH_SEARCH_PATHS = (
					"$(inherited)",
					"@executable_path/Frameworks",
				);
				MARKETING_VERSION = 1.0;
				PRODUCT_BUNDLE_IDENTIFIER = com.blaze.AccountDetails;
				PRODUCT_NAME = "$(TARGET_NAME)";
				SWIFT_EMIT_LOC_STRINGS = YES;
				SWIFT_VERSION = 5.0;
				TARGETED_DEVICE_FAMILY = "1,2";
			};
			name = Release;
		};
/* End XCBuildConfiguration section */

/* Begin XCConfigurationList section */
		330F2E7329DB0D50001FFE00 /* Build configuration list for PBXProject "AccountDetails" */ = {
			isa = XCConfigurationList;
			buildConfigurations = (
				330F2E8A29DB0D51001FFE00 /* Debug */,
				330F2E8B29DB0D51001FFE00 /* Release */,
			);
			defaultConfigurationIsVisible = 0;
			defaultConfigurationName = Release;
		};
		330F2E8C29DB0D51001FFE00 /* Build configuration list for PBXNativeTarget "AccountDetails" */ = {
			isa = XCConfigurationList;
			buildConfigurations = (
				330F2E8D29DB0D51001FFE00 /* Debug */,
				330F2E8E29DB0D51001FFE00 /* Release */,
			);
			defaultConfigurationIsVisible = 0;
			defaultConfigurationName = Release;
		};
/* End XCConfigurationList section */
	};
	rootObject = 330F2E7029DB0D50001FFE00 /* Project object */;
}
